// !$*UTF8*$!
{
	archiveVersion = 1;
	classes = {
	};
	objectVersion = 46;
	objects = {

/* Begin PBXBuildFile section */
		0E00CB551C5C202E00FC39CC /* AppDelegate.swift in Sources */ = {isa = PBXBuildFile; fileRef = 0E00CB541C5C202E00FC39CC /* AppDelegate.swift */; };
		0E00CB571C5C202E00FC39CC /* ViewController.swift in Sources */ = {isa = PBXBuildFile; fileRef = 0E00CB561C5C202E00FC39CC /* ViewController.swift */; };
		0E00CB5A1C5C202E00FC39CC /* Main.storyboard in Resources */ = {isa = PBXBuildFile; fileRef = 0E00CB581C5C202E00FC39CC /* Main.storyboard */; };
		0E00CB5C1C5C202E00FC39CC /* Assets.xcassets in Resources */ = {isa = PBXBuildFile; fileRef = 0E00CB5B1C5C202E00FC39CC /* Assets.xcassets */; };
		0E00CB5F1C5C202E00FC39CC /* LaunchScreen.storyboard in Resources */ = {isa = PBXBuildFile; fileRef = 0E00CB5D1C5C202E00FC39CC /* LaunchScreen.storyboard */; };
		0E00CB6A1C5C202E00FC39CC /* SmashtagMentionsTests.swift in Sources */ = {isa = PBXBuildFile; fileRef = 0E00CB691C5C202E00FC39CC /* SmashtagMentionsTests.swift */; };
		0E00CB751C5C202E00FC39CC /* SmashtagMentionsUITests.swift in Sources */ = {isa = PBXBuildFile; fileRef = 0E00CB741C5C202E00FC39CC /* SmashtagMentionsUITests.swift */; };
/* End PBXBuildFile section */

/* Begin PBXContainerItemProxy section */
		0E00CB661C5C202E00FC39CC /* PBXContainerItemProxy */ = {
			isa = PBXContainerItemProxy;
			containerPortal = 0E00CB491C5C202E00FC39CC /* Project object */;
			proxyType = 1;
			remoteGlobalIDString = 0E00CB501C5C202E00FC39CC;
			remoteInfo = SmashtagMentions;
		};
		0E00CB711C5C202E00FC39CC /* PBXContainerItemProxy */ = {
			isa = PBXContainerItemProxy;
			containerPortal = 0E00CB491C5C202E00FC39CC /* Project object */;
			proxyType = 1;
			remoteGlobalIDString = 0E00CB501C5C202E00FC39CC;
			remoteInfo = SmashtagMentions;
		};
/* End PBXContainerItemProxy section */

/* Begin PBXFileReference section */
		0E00CB511C5C202E00FC39CC /* SmashtagMentions.app */ = {isa = PBXFileReference; explicitFileType = wrapper.application; includeInIndex = 0; path = SmashtagMentions.app; sourceTree = BUILT_PRODUCTS_DIR; };
		0E00CB541C5C202E00FC39CC /* AppDelegate.swift */ = {isa = PBXFileReference; lastKnownFileType = sourcecode.swift; path = AppDelegate.swift; sourceTree = "<group>"; };
		0E00CB561C5C202E00FC39CC /* ViewController.swift */ = {isa = PBXFileReference; lastKnownFileType = sourcecode.swift; path = ViewController.swift; sourceTree = "<group>"; };
		0E00CB591C5C202E00FC39CC /* Base */ = {isa = PBXFileReference; lastKnownFileType = file.storyboard; name = Base; path = Base.lproj/Main.storyboard; sourceTree = "<group>"; };
		0E00CB5B1C5C202E00FC39CC /* Assets.xcassets */ = {isa = PBXFileReference; lastKnownFileType = folder.assetcatalog; path = Assets.xcassets; sourceTree = "<group>"; };
		0E00CB5E1C5C202E00FC39CC /* Base */ = {isa = PBXFileReference; lastKnownFileType = file.storyboard; name = Base; path = Base.lproj/LaunchScreen.storyboard; sourceTree = "<group>"; };
		0E00CB601C5C202E00FC39CC /* Info.plist */ = {isa = PBXFileReference; lastKnownFileType = text.plist.xml; path = Info.plist; sourceTree = "<group>"; };
		0E00CB651C5C202E00FC39CC /* SmashtagMentionsTests.xctest */ = {isa = PBXFileReference; explicitFileType = wrapper.cfbundle; includeInIndex = 0; path = SmashtagMentionsTests.xctest; sourceTree = BUILT_PRODUCTS_DIR; };
		0E00CB691C5C202E00FC39CC /* SmashtagMentionsTests.swift */ = {isa = PBXFileReference; lastKnownFileType = sourcecode.swift; path = SmashtagMentionsTests.swift; sourceTree = "<group>"; };
		0E00CB6B1C5C202E00FC39CC /* Info.plist */ = {isa = PBXFileReference; lastKnownFileType = text.plist.xml; path = Info.plist; sourceTree = "<group>"; };
		0E00CB701C5C202E00FC39CC /* SmashtagMentionsUITests.xctest */ = {isa = PBXFileReference; explicitFileType = wrapper.cfbundle; includeInIndex = 0; path = SmashtagMentionsUITests.xctest; sourceTree = BUILT_PRODUCTS_DIR; };
		0E00CB741C5C202E00FC39CC /* SmashtagMentionsUITests.swift */ = {isa = PBXFileReference; lastKnownFileType = sourcecode.swift; path = SmashtagMentionsUITests.swift; sourceTree = "<group>"; };
		0E00CB761C5C202E00FC39CC /* Info.plist */ = {isa = PBXFileReference; lastKnownFileType = text.plist.xml; path = Info.plist; sourceTree = "<group>"; };
/* End PBXFileReference section */

/* Begin PBXFrameworksBuildPhase section */
		0E00CB4E1C5C202E00FC39CC /* Frameworks */ = {
			isa = PBXFrameworksBuildPhase;
			buildActionMask = 2147483647;
			files = (
			);
			runOnlyForDeploymentPostprocessing = 0;
		};
		0E00CB621C5C202E00FC39CC /* Frameworks */ = {
			isa = PBXFrameworksBuildPhase;
			buildActionMask = 2147483647;
			files = (
			);
			runOnlyForDeploymentPostprocessing = 0;
		};
		0E00CB6D1C5C202E00FC39CC /* Frameworks */ = {
			isa = PBXFrameworksBuildPhase;
			buildActionMask = 2147483647;
			files = (
			);
			runOnlyForDeploymentPostprocessing = 0;
		};
/* End PBXFrameworksBuildPhase section */

/* Begin PBXGroup section */
		0E00CB481C5C202E00FC39CC = {
			isa = PBXGroup;
			children = (
				0E00CB531C5C202E00FC39CC /* SmashtagMentions */,
				0E00CB681C5C202E00FC39CC /* SmashtagMentionsTests */,
				0E00CB731C5C202E00FC39CC /* SmashtagMentionsUITests */,
				0E00CB521C5C202E00FC39CC /* Products */,
			);
			sourceTree = "<group>";
		};
		0E00CB521C5C202E00FC39CC /* Products */ = {
			isa = PBXGroup;
			children = (
				0E00CB511C5C202E00FC39CC /* SmashtagMentions.app */,
				0E00CB651C5C202E00FC39CC /* SmashtagMentionsTests.xctest */,
				0E00CB701C5C202E00FC39CC /* SmashtagMentionsUITests.xctest */,
			);
			name = Products;
			sourceTree = "<group>";
		};
		0E00CB531C5C202E00FC39CC /* SmashtagMentions */ = {
			isa = PBXGroup;
			children = (
				0E00CB541C5C202E00FC39CC /* AppDelegate.swift */,
				0E00CB561C5C202E00FC39CC /* ViewController.swift */,
				0E00CB581C5C202E00FC39CC /* Main.storyboard */,
				0E00CB5B1C5C202E00FC39CC /* Assets.xcassets */,
				0E00CB5D1C5C202E00FC39CC /* LaunchScreen.storyboard */,
				0E00CB601C5C202E00FC39CC /* Info.plist */,
			);
			path = SmashtagMentions;
			sourceTree = "<group>";
		};
		0E00CB681C5C202E00FC39CC /* SmashtagMentionsTests */ = {
			isa = PBXGroup;
			children = (
				0E00CB691C5C202E00FC39CC /* SmashtagMentionsTests.swift */,
				0E00CB6B1C5C202E00FC39CC /* Info.plist */,
			);
			path = SmashtagMentionsTests;
			sourceTree = "<group>";
		};
		0E00CB731C5C202E00FC39CC /* SmashtagMentionsUITests */ = {
			isa = PBXGroup;
			children = (
				0E00CB741C5C202E00FC39CC /* SmashtagMentionsUITests.swift */,
				0E00CB761C5C202E00FC39CC /* Info.plist */,
			);
			path = SmashtagMentionsUITests;
			sourceTree = "<group>";
		};
/* End PBXGroup section */

/* Begin PBXNativeTarget section */
		0E00CB501C5C202E00FC39CC /* SmashtagMentions */ = {
			isa = PBXNativeTarget;
			buildConfigurationList = 0E00CB791C5C202E00FC39CC /* Build configuration list for PBXNativeTarget "SmashtagMentions" */;
			buildPhases = (
				0E00CB4D1C5C202E00FC39CC /* Sources */,
				0E00CB4E1C5C202E00FC39CC /* Frameworks */,
				0E00CB4F1C5C202E00FC39CC /* Resources */,
			);
			buildRules = (
			);
			dependencies = (
			);
			name = SmashtagMentions;
			productName = SmashtagMentions;
			productReference = 0E00CB511C5C202E00FC39CC /* SmashtagMentions.app */;
			productType = "com.apple.product-type.application";
		};
		0E00CB641C5C202E00FC39CC /* SmashtagMentionsTests */ = {
			isa = PBXNativeTarget;
			buildConfigurationList = 0E00CB7C1C5C202E00FC39CC /* Build configuration list for PBXNativeTarget "SmashtagMentionsTests" */;
			buildPhases = (
				0E00CB611C5C202E00FC39CC /* Sources */,
				0E00CB621C5C202E00FC39CC /* Frameworks */,
				0E00CB631C5C202E00FC39CC /* Resources */,
			);
			buildRules = (
			);
			dependencies = (
				0E00CB671C5C202E00FC39CC /* PBXTargetDependency */,
			);
			name = SmashtagMentionsTests;
			productName = SmashtagMentionsTests;
			productReference = 0E00CB651C5C202E00FC39CC /* SmashtagMentionsTests.xctest */;
			productType = "com.apple.product-type.bundle.unit-test";
		};
		0E00CB6F1C5C202E00FC39CC /* SmashtagMentionsUITests */ = {
			isa = PBXNativeTarget;
			buildConfigurationList = 0E00CB7F1C5C202E00FC39CC /* Build configuration list for PBXNativeTarget "SmashtagMentionsUITests" */;
			buildPhases = (
				0E00CB6C1C5C202E00FC39CC /* Sources */,
				0E00CB6D1C5C202E00FC39CC /* Frameworks */,
				0E00CB6E1C5C202E00FC39CC /* Resources */,
			);
			buildRules = (
			);
			dependencies = (
				0E00CB721C5C202E00FC39CC /* PBXTargetDependency */,
			);
			name = SmashtagMentionsUITests;
			productName = SmashtagMentionsUITests;
			productReference = 0E00CB701C5C202E00FC39CC /* SmashtagMentionsUITests.xctest */;
			productType = "com.apple.product-type.bundle.ui-testing";
		};
/* End PBXNativeTarget section */

/* Begin PBXProject section */
		0E00CB491C5C202E00FC39CC /* Project object */ = {
			isa = PBXProject;
			attributes = {
				LastSwiftUpdateCheck = 0720;
				LastUpgradeCheck = 0720;
				ORGANIZATIONNAME = "Olesia Kalashnik";
				TargetAttributes = {
					0E00CB501C5C202E00FC39CC = {
						CreatedOnToolsVersion = 7.2;
					};
					0E00CB641C5C202E00FC39CC = {
						CreatedOnToolsVersion = 7.2;
						TestTargetID = 0E00CB501C5C202E00FC39CC;
					};
					0E00CB6F1C5C202E00FC39CC = {
						CreatedOnToolsVersion = 7.2;
						TestTargetID = 0E00CB501C5C202E00FC39CC;
					};
				};
			};
			buildConfigurationList = 0E00CB4C1C5C202E00FC39CC /* Build configuration list for PBXProject "SmashtagMentions" */;
			compatibilityVersion = "Xcode 3.2";
			developmentRegion = English;
			hasScannedForEncodings = 0;
			knownRegions = (
				en,
				Base,
			);
			mainGroup = 0E00CB481C5C202E00FC39CC;
			productRefGroup = 0E00CB521C5C202E00FC39CC /* Products */;
			projectDirPath = "";
			projectRoot = "";
			targets = (
				0E00CB501C5C202E00FC39CC /* SmashtagMentions */,
				0E00CB641C5C202E00FC39CC /* SmashtagMentionsTests */,
				0E00CB6F1C5C202E00FC39CC /* SmashtagMentionsUITests */,
			);
		};
/* End PBXProject section */

/* Begin PBXResourcesBuildPhase section */
		0E00CB4F1C5C202E00FC39CC /* Resources */ = {
			isa = PBXResourcesBuildPhase;
			buildActionMask = 2147483647;
			files = (
				0E00CB5F1C5C202E00FC39CC /* LaunchScreen.storyboard in Resources */,
				0E00CB5C1C5C202E00FC39CC /* Assets.xcassets in Resources */,
				0E00CB5A1C5C202E00FC39CC /* Main.storyboard in Resources */,
			);
			runOnlyForDeploymentPostprocessing = 0;
		};
		0E00CB631C5C202E00FC39CC /* Resources */ = {
			isa = PBXResourcesBuildPhase;
			buildActionMask = 2147483647;
			files = (
			);
			runOnlyForDeploymentPostprocessing = 0;
		};
		0E00CB6E1C5C202E00FC39CC /* Resources */ = {
			isa = PBXResourcesBuildPhase;
			buildActionMask = 2147483647;
			files = (
			);
			runOnlyForDeploymentPostprocessing = 0;
		};
/* End PBXResourcesBuildPhase section */

/* Begin PBXSourcesBuildPhase section */
		0E00CB4D1C5C202E00FC39CC /* Sources */ = {
			isa = PBXSourcesBuildPhase;
			buildActionMask = 2147483647;
			files = (
				0E00CB571C5C202E00FC39CC /* ViewController.swift in Sources */,
				0E00CB551C5C202E00FC39CC /* AppDelegate.swift in Sources */,
			);
			runOnlyForDeploymentPostprocessing = 0;
		};
		0E00CB611C5C202E00FC39CC /* Sources */ = {
			isa = PBXSourcesBuildPhase;
			buildActionMask = 2147483647;
			files = (
				0E00CB6A1C5C202E00FC39CC /* SmashtagMentionsTests.swift in Sources */,
			);
			runOnlyForDeploymentPostprocessing = 0;
		};
		0E00CB6C1C5C202E00FC39CC /* Sources */ = {
			isa = PBXSourcesBuildPhase;
			buildActionMask = 2147483647;
			files = (
				0E00CB751C5C202E00FC39CC /* SmashtagMentionsUITests.swift in Sources */,
			);
			runOnlyForDeploymentPostprocessing = 0;
		};
/* End PBXSourcesBuildPhase section */

/* Begin PBXTargetDependency section */
		0E00CB671C5C202E00FC39CC /* PBXTargetDependency */ = {
			isa = PBXTargetDependency;
			target = 0E00CB501C5C202E00FC39CC /* SmashtagMentions */;
			targetProxy = 0E00CB661C5C202E00FC39CC /* PBXContainerItemProxy */;
		};
		0E00CB721C5C202E00FC39CC /* PBXTargetDependency */ = {
			isa = PBXTargetDependency;
			target = 0E00CB501C5C202E00FC39CC /* SmashtagMentions */;
			targetProxy = 0E00CB711C5C202E00FC39CC /* PBXContainerItemProxy */;
		};
/* End PBXTargetDependency section */

/* Begin PBXVariantGroup section */
		0E00CB581C5C202E00FC39CC /* Main.storyboard */ = {
			isa = PBXVariantGroup;
			children = (
				0E00CB591C5C202E00FC39CC /* Base */,
			);
			name = Main.storyboard;
			sourceTree = "<group>";
		};
		0E00CB5D1C5C202E00FC39CC /* LaunchScreen.storyboard */ = {
			isa = PBXVariantGroup;
			children = (
				0E00CB5E1C5C202E00FC39CC /* Base */,
			);
			name = LaunchScreen.storyboard;
			sourceTree = "<group>";
		};
/* End PBXVariantGroup section */

/* Begin XCBuildConfiguration section */
		0E00CB771C5C202E00FC39CC /* Debug */ = {
			isa = XCBuildConfiguration;
			buildSettings = {
				ALWAYS_SEARCH_USER_PATHS = NO;
				CLANG_CXX_LANGUAGE_STANDARD = "gnu++0x";
				CLANG_CXX_LIBRARY = "libc++";
				CLANG_ENABLE_MODULES = YES;
				CLANG_ENABLE_OBJC_ARC = YES;
				CLANG_WARN_BOOL_CONVERSION = YES;
				CLANG_WARN_CONSTANT_CONVERSION = YES;
				CLANG_WARN_DIRECT_OBJC_ISA_USAGE = YES_ERROR;
				CLANG_WARN_EMPTY_BODY = YES;
				CLANG_WARN_ENUM_CONVERSION = YES;
				CLANG_WARN_INT_CONVERSION = YES;
				CLANG_WARN_OBJC_ROOT_CLASS = YES_ERROR;
				CLANG_WARN_UNREACHABLE_CODE = YES;
				CLANG_WARN__DUPLICATE_METHOD_MATCH = YES;
				"CODE_SIGN_IDENTITY[sdk=iphoneos*]" = "iPhone Developer";
				COPY_PHASE_STRIP = NO;
				DEBUG_INFORMATION_FORMAT = dwarf;
				ENABLE_STRICT_OBJC_MSGSEND = YES;
				ENABLE_TESTABILITY = YES;
				GCC_C_LANGUAGE_STANDARD = gnu99;
				GCC_DYNAMIC_NO_PIC = NO;
				GCC_NO_COMMON_BLOCKS = YES;
				GCC_OPTIMIZATION_LEVEL = 0;
				GCC_PREPROCESSOR_DEFINITIONS = (
					"DEBUG=1",
					"$(inherited)",
				);
				GCC_WARN_64_TO_32_BIT_CONVERSION = YES;
				GCC_WARN_ABOUT_RETURN_TYPE = YES_ERROR;
				GCC_WARN_UNDECLARED_SELECTOR = YES;
				GCC_WARN_UNINITIALIZED_AUTOS = YES_AGGRESSIVE;
				GCC_WARN_UNUSED_FUNCTION = YES;
				GCC_WARN_UNUSED_VARIABLE = YES;
				IPHONEOS_DEPLOYMENT_TARGET = 9.2;
				MTL_ENABLE_DEBUG_INFO = YES;
				ONLY_ACTIVE_ARCH = YES;
				SDKROOT = iphoneos;
				SWIFT_OPTIMIZATION_LEVEL = "-Onone";
				TARGETED_DEVICE_FAMILY = "1,2";
			};
			name = Debug;
		};
		0E00CB781C5C202E00FC39CC /* Release */ = {
			isa = XCBuildConfiguration;
			buildSettings = {
				ALWAYS_SEARCH_USER_PATHS = NO;
				CLANG_CXX_LANGUAGE_STANDARD = "gnu++0x";
				CLANG_CXX_LIBRARY = "libc++";
				CLANG_ENABLE_MODULES = YES;
				CLANG_ENABLE_OBJC_ARC = YES;
				CLANG_WARN_BOOL_CONVERSION = YES;
				CLANG_WARN_CONSTANT_CONVERSION = YES;
				CLANG_WARN_DIRECT_OBJC_ISA_USAGE = YES_ERROR;
				CLANG_WARN_EMPTY_BODY = YES;
				CLANG_WARN_ENUM_CONVERSION = YES;
				CLANG_WARN_INT_CONVERSION = YES;
				CLANG_WARN_OBJC_ROOT_CLASS = YES_ERROR;
				CLANG_WARN_UNREACHABLE_CODE = YES;
				CLANG_WARN__DUPLICATE_METHOD_MATCH = YES;
				"CODE_SIGN_IDENTITY[sdk=iphoneos*]" = "iPhone Developer";
				COPY_PHASE_STRIP = NO;
				DEBUG_INFORMATION_FORMAT = "dwarf-with-dsym";
				ENABLE_NS_ASSERTIONS = NO;
				ENABLE_STRICT_OBJC_MSGSEND = YES;
				GCC_C_LANGUAGE_STANDARD = gnu99;
				GCC_NO_COMMON_BLOCKS = YES;
				GCC_WARN_64_TO_32_BIT_CONVERSION = YES;
				GCC_WARN_ABOUT_RETURN_TYPE = YES_ERROR;
				GCC_WARN_UNDECLARED_SELECTOR = YES;
				GCC_WARN_UNINITIALIZED_AUTOS = YES_AGGRESSIVE;
				GCC_WARN_UNUSED_FUNCTION = YES;
				GCC_WARN_UNUSED_VARIABLE = YES;
				IPHONEOS_DEPLOYMENT_TARGET = 9.2;
				MTL_ENABLE_DEBUG_INFO = NO;
				SDKROOT = iphoneos;
				TARGETED_DEVICE_FAMILY = "1,2";
				VALIDATE_PRODUCT = YES;
			};
			name = Release;
		};
		0E00CB7A1C5C202E00FC39CC /* Debug */ = {
			isa = XCBuildConfiguration;
			buildSettings = {
				ASSETCATALOG_COMPILER_APPICON_NAME = AppIcon;
				INFOPLIST_FILE = SmashtagMentions/Info.plist;
				LD_RUNPATH_SEARCH_PATHS = "$(inherited) @executable_path/Frameworks";
				PRODUCT_BUNDLE_IDENTIFIER = ok.SmashtagMentions;
				PRODUCT_NAME = "$(TARGET_NAME)";
			};
			name = Debug;
		};
		0E00CB7B1C5C202E00FC39CC /* Release */ = {
			isa = XCBuildConfiguration;
			buildSettings = {
				ASSETCATALOG_COMPILER_APPICON_NAME = AppIcon;
				INFOPLIST_FILE = SmashtagMentions/Info.plist;
				LD_RUNPATH_SEARCH_PATHS = "$(inherited) @executable_path/Frameworks";
				PRODUCT_BUNDLE_IDENTIFIER = ok.SmashtagMentions;
				PRODUCT_NAME = "$(TARGET_NAME)";
			};
			name = Release;
		};
		0E00CB7D1C5C202E00FC39CC /* Debug */ = {
			isa = XCBuildConfiguration;
			buildSettings = {
				BUNDLE_LOADER = "$(TEST_HOST)";
				INFOPLIST_FILE = SmashtagMentionsTests/Info.plist;
				LD_RUNPATH_SEARCH_PATHS = "$(inherited) @executable_path/Frameworks @loader_path/Frameworks";
				PRODUCT_BUNDLE_IDENTIFIER = ok.SmashtagMentionsTests;
				PRODUCT_NAME = "$(TARGET_NAME)";
				TEST_HOST = "$(BUILT_PRODUCTS_DIR)/SmashtagMentions.app/SmashtagMentions";
			};
			name = Debug;
		};
		0E00CB7E1C5C202E00FC39CC /* Release */ = {
			isa = XCBuildConfiguration;
			buildSettings = {
				BUNDLE_LOADER = "$(TEST_HOST)";
				INFOPLIST_FILE = SmashtagMentionsTests/Info.plist;
				LD_RUNPATH_SEARCH_PATHS = "$(inherited) @executable_path/Frameworks @loader_path/Frameworks";
				PRODUCT_BUNDLE_IDENTIFIER = ok.SmashtagMentionsTests;
				PRODUCT_NAME = "$(TARGET_NAME)";
				TEST_HOST = "$(BUILT_PRODUCTS_DIR)/SmashtagMentions.app/SmashtagMentions";
			};
			name = Release;
		};
		0E00CB801C5C202E00FC39CC /* Debug */ = {
			isa = XCBuildConfiguration;
			buildSettings = {
				INFOPLIST_FILE = SmashtagMentionsUITests/Info.plist;
				LD_RUNPATH_SEARCH_PATHS = "$(inherited) @executable_path/Frameworks @loader_path/Frameworks";
				PRODUCT_BUNDLE_IDENTIFIER = ok.SmashtagMentionsUITests;
				PRODUCT_NAME = "$(TARGET_NAME)";
				TEST_TARGET_NAME = SmashtagMentions;
				USES_XCTRUNNER = YES;
			};
			name = Debug;
		};
		0E00CB811C5C202E00FC39CC /* Release */ = {
			isa = XCBuildConfiguration;
			buildSettings = {
				INFOPLIST_FILE = SmashtagMentionsUITests/Info.plist;
				LD_RUNPATH_SEARCH_PATHS = "$(inherited) @executable_path/Frameworks @loader_path/Frameworks";
				PRODUCT_BUNDLE_IDENTIFIER = ok.SmashtagMentionsUITests;
				PRODUCT_NAME = "$(TARGET_NAME)";
				TEST_TARGET_NAME = SmashtagMentions;
				USES_XCTRUNNER = YES;
			};
			name = Release;
		};
/* End XCBuildConfiguration section */

/* Begin XCConfigurationList section */
		0E00CB4C1C5C202E00FC39CC /* Build configuration list for PBXProject "SmashtagMentions" */ = {
			isa = XCConfigurationList;
			buildConfigurations = (
				0E00CB771C5C202E00FC39CC /* Debug */,
				0E00CB781C5C202E00FC39CC /* Release */,
			);
			defaultConfigurationIsVisible = 0;
			defaultConfigurationName = Release;
		};
		0E00CB791C5C202E00FC39CC /* Build configuration list for PBXNativeTarget "SmashtagMentions" */ = {
			isa = XCConfigurationList;
			buildConfigurations = (
				0E00CB7A1C5C202E00FC39CC /* Debug */,
				0E00CB7B1C5C202E00FC39CC /* Release */,
			);
			defaultConfigurationIsVisible = 0;
		};
		0E00CB7C1C5C202E00FC39CC /* Build configuration list for PBXNativeTarget "SmashtagMentionsTests" */ = {
			isa = XCConfigurationList;
			buildConfigurations = (
				0E00CB7D1C5C202E00FC39CC /* Debug */,
				0E00CB7E1C5C202E00FC39CC /* Release */,
			);
			defaultConfigurationIsVisible = 0;
		};
		0E00CB7F1C5C202E00FC39CC /* Build configuration list for PBXNativeTarget "SmashtagMentionsUITests" */ = {
			isa = XCConfigurationList;
			buildConfigurations = (
				0E00CB801C5C202E00FC39CC /* Debug */,
				0E00CB811C5C202E00FC39CC /* Release */,
			);
			defaultConfigurationIsVisible = 0;
		};
/* End XCConfigurationList section */
	};
	rootObject = 0E00CB491C5C202E00FC39CC /* Project object */;
}
